
Microsoft Visual Studio Solution File, Format Version 12.00
# Visual Studio Version 17
VisualStudioVersion = 17.5.33627.172
MinimumVisualStudioVersion = 10.0.40219.1
Project("{9A19103F-16F7-4668-BE54-9A1E7A4F7556}") = "Avalonia MVVM Template", "Avalonia MVVM Template\Avalonia MVVM Template.csproj", "{67268E29-0D88-4153-B629-79F758CDEE3F}"
EndProject
Project("{9A19103F-16F7-4668-BE54-9A1E7A4F7556}") = "Avalonia MVVM Template.Android", "Avalonia MVVM Template.Android\Avalonia MVVM Template.Android.csproj", "{B4E37020-29D5-48D5-B1AB-EE8644E02099}"
EndProject
Project("{9A19103F-16F7-4668-BE54-9A1E7A4F7556}") = "Avalonia MVVM Template.Desktop", "Avalonia MVVM Template.Desktop\Avalonia MVVM Template.Desktop.csproj", "{864A3719-22CF-4E5E-AEFF-21FF1B06B391}"
EndProject
Project("{9A19103F-16F7-4668-BE54-9A1E7A4F7556}") = "Avalonia MVVM Template.Browser", "Avalonia MVVM Template.Browser\Avalonia MVVM Template.Browser.csproj", "{3F573B9A-D75A-4657-ADE3-93C016C9C538}"
EndProject
Global
	GlobalSection(SolutionConfigurationPlatforms) = preSolution
		Debug|Any CPU = Debug|Any CPU
		Release|Any CPU = Release|Any CPU
	EndGlobalSection
	GlobalSection(ProjectConfigurationPlatforms) = postSolution
		{67268E29-0D88-4153-B629-79F758CDEE3F}.Debug|Any CPU.ActiveCfg = Debug|Any CPU
		{67268E29-0D88-4153-B629-79F758CDEE3F}.Debug|Any CPU.Build.0 = Debug|Any CPU
		{67268E29-0D88-4153-B629-79F758CDEE3F}.Release|Any CPU.ActiveCfg = Release|Any CPU
		{67268E29-0D88-4153-B629-79F758CDEE3F}.Release|Any CPU.Build.0 = Release|Any CPU
		{B4E37020-29D5-48D5-B1AB-EE8644E02099}.Debug|Any CPU.ActiveCfg = Debug|Any CPU
		{B4E37020-29D5-48D5-B1AB-EE8644E02099}.Debug|Any CPU.Build.0 = Debug|Any CPU
		{B4E37020-29D5-48D5-B1AB-EE8644E02099}.Debug|Any CPU.Deploy.0 = Debug|Any CPU
		{B4E37020-29D5-48D5-B1AB-EE8644E02099}.Release|Any CPU.ActiveCfg = Release|Any CPU
		{B4E37020-29D5-48D5-B1AB-EE8644E02099}.Release|Any CPU.Build.0 = Release|Any CPU
		{B4E37020-29D5-48D5-B1AB-EE8644E02099}.Release|Any CPU.Deploy.0 = Release|Any CPU
		{864A3719-22CF-4E5E-AEFF-21FF1B06B391}.Debug|Any CPU.ActiveCfg = Debug|Any CPU
		{864A3719-22CF-4E5E-AEFF-21FF1B06B391}.Debug|Any CPU.Build.0 = Debug|Any CPU
		{864A3719-22CF-4E5E-AEFF-21FF1B06B391}.Release|Any CPU.ActiveCfg = Release|Any CPU
		{864A3719-22CF-4E5E-AEFF-21FF1B06B391}.Release|Any CPU.Build.0 = Release|Any CPU
		{3F573B9A-D75A-4657-ADE3-93C016C9C538}.Debug|Any CPU.ActiveCfg = Debug|Any CPU
		{3F573B9A-D75A-4657-ADE3-93C016C9C538}.Debug|Any CPU.Build.0 = Debug|Any CPU
		{3F573B9A-D75A-4657-ADE3-93C016C9C538}.Release|Any CPU.ActiveCfg = Release|Any CPU
		{3F573B9A-D75A-4657-ADE3-93C016C9C538}.Release|Any CPU.Build.0 = Release|Any CPU
	EndGlobalSection
	GlobalSection(SolutionProperties) = preSolution
		HideSolutionNode = FALSE
	EndGlobalSection
	GlobalSection(ExtensibilityGlobals) = postSolution
		SolutionGuid = {22019112-F0B9-4A19-B6A8-E4C3A437CFFB}
	EndGlobalSection
EndGlobal
